
Microsoft Visual Studio Solution File, Format Version 12.00
# Visual Studio 15
Project("{FAE04EC0-301F-11D3-BF4B-00C04F79EFBC}") = "Assembly-CSharp", "Assembly-CSharp.csproj", "{E157CAFD-ADFD-5B76-6731-D78FB83E3DD1}"
EndProject
Project("{FAE04EC0-301F-11D3-BF4B-00C04F79EFBC}") = "Assembly-CSharp-firstpass", "Assembly-CSharp-firstpass.csproj", "{EF1EA528-3EA8-3C93-4080-0DDDEE8B719F}"
EndProject
Project("{FAE04EC0-301F-11D3-BF4B-00C04F79EFBC}") = "Assembly-CSharp-Editor", "Assembly-CSharp-Editor.csproj", "{2E8EFAC8-06E6-2458-7936-AB92754D3DC0}"
EndProject
Project("{FAE04EC0-301F-11D3-BF4B-00C04F79EFBC}") = "Assembly-CSharp-Editor-firstpass", "Assembly-CSharp-Editor-firstpass.csproj", "{E843BEBB-5FB1-00CE-3964-B6745BE04CDC}"
EndProject
Global
	GlobalSection(SolutionConfigurationPlatforms) = preSolution
		Debug|Any CPU = Debug|Any CPU
		Release|Any CPU = Release|Any CPU
	EndGlobalSection
	GlobalSection(ProjectConfigurationPlatforms) = postSolution
		{E157CAFD-ADFD-5B76-6731-D78FB83E3DD1}.Debug|Any CPU.ActiveCfg = Debug|Any CPU
		{E157CAFD-ADFD-5B76-6731-D78FB83E3DD1}.Debug|Any CPU.Build.0 = Debug|Any CPU
		{E157CAFD-ADFD-5B76-6731-D78FB83E3DD1}.Release|Any CPU.ActiveCfg = Release|Any CPU
		{E157CAFD-ADFD-5B76-6731-D78FB83E3DD1}.Release|Any CPU.Build.0 = Release|Any CPU
		{EF1EA528-3EA8-3C93-4080-0DDDEE8B719F}.Debug|Any CPU.ActiveCfg = Debug|Any CPU
		{EF1EA528-3EA8-3C93-4080-0DDDEE8B719F}.Debug|Any CPU.Build.0 = Debug|Any CPU
		{EF1EA528-3EA8-3C93-4080-0DDDEE8B719F}.Release|Any CPU.ActiveCfg = Release|Any CPU
		{EF1EA528-3EA8-3C93-4080-0DDDEE8B719F}.Release|Any CPU.Build.0 = Release|Any CPU
		{2E8EFAC8-06E6-2458-7936-AB92754D3DC0}.Debug|Any CPU.ActiveCfg = Debug|Any CPU
		{2E8EFAC8-06E6-2458-7936-AB92754D3DC0}.Debug|Any CPU.Build.0 = Debug|Any CPU
		{2E8EFAC8-06E6-2458-7936-AB92754D3DC0}.Release|Any CPU.ActiveCfg = Release|Any CPU
		{2E8EFAC8-06E6-2458-7936-AB92754D3DC0}.Release|Any CPU.Build.0 = Release|Any CPU
		{E843BEBB-5FB1-00CE-3964-B6745BE04CDC}.Debug|Any CPU.ActiveCfg = Debug|Any CPU
		{E843BEBB-5FB1-00CE-3964-B6745BE04CDC}.Debug|Any CPU.Build.0 = Debug|Any CPU
		{E843BEBB-5FB1-00CE-3964-B6745BE04CDC}.Release|Any CPU.ActiveCfg = Release|Any CPU
		{E843BEBB-5FB1-00CE-3964-B6745BE04CDC}.Release|Any CPU.Build.0 = Release|Any CPU
	EndGlobalSection
	GlobalSection(SolutionProperties) = preSolution
		HideSolutionNode = FALSE
	EndGlobalSection
EndGlobal
